
Microsoft Visual Studio Solution File, Format Version 12.00
# Visual Studio Version 16
VisualStudioVersion = 16.0.29215.179
MinimumVisualStudioVersion = 10.0.40219.1
Project("{8BC9CEB8-8B4A-11D0-8D11-00A0C91BC942}") = "zp", "zp\zp.vcxproj", "{AD9C6633-0678-4592-A3FF-53146730C27F}"
EndProject
Global
	GlobalSection(SolutionConfigurationPlatforms) = preSolution
		Debug|x64 = Debug|x64
		Debug|x86 = Debug|x86
		Release|x64 = Release|x64
		Release|x86 = Release|x86
	EndGlobalSection
	GlobalSection(ProjectConfigurationPlatforms) = postSolution
		{AD9C6633-0678-4592-A3FF-53146730C27F}.Debug|x64.ActiveCfg = Debug|x64
		{AD9C6633-0678-4592-A3FF-53146730C27F}.Debug|x64.Build.0 = Debug|x64
		{AD9C6633-0678-4592-A3FF-53146730C27F}.Debug|x86.ActiveCfg = Debug|Win32
		{AD9C6633-0678-4592-A3FF-53146730C27F}.Debug|x86.Build.0 = Debug|Win32
		{AD9C6633-0678-4592-A3FF-53146730C27F}.Release|x64.ActiveCfg = Release|x64
		{AD9C6633-0678-4592-A3FF-53146730C27F}.Release|x64.Build.0 = Release|x64
		{AD9C6633-0678-4592-A3FF-53146730C27F}.Release|x86.ActiveCfg = Release|Win32
		{AD9C6633-0678-4592-A3FF-53146730C27F}.Release|x86.Build.0 = Release|Win32
	EndGlobalSection
	GlobalSection(SolutionProperties) = preSolution
		HideSolutionNode = FALSE
	EndGlobalSection
	GlobalSection(ExtensibilityGlobals) = postSolution
		SolutionGuid = {D39B3F1C-5839-4D6D-870B-59BBBED4BFE5}
	EndGlobalSection
EndGlobal
